
Microsoft Visual Studio Solution File, Format Version 12.00
# Visual Studio Version 17
VisualStudioVersion = 17.8.34330.188
MinimumVisualStudioVersion = 10.0.40219.1
Project("{FAE04EC0-301F-11D3-BF4B-00C04F79EFBC}") = "WebApplication1", "WebApplication1\WebApplication1.csproj", "{FC2DA34B-24F7-4B10-A79E-F85A8728DF65}"
EndProject
Project("{2150E333-8FDC-42A3-9474-1A3956D46DE8}") = "src", "src", "{E503E27A-4529-447B-BDF1-56B46528BF0B}"
EndProject
Project("{2150E333-8FDC-42A3-9474-1A3956D46DE8}") = "services", "services", "{1271D277-6349-4959-B570-FCBA449C6DAE}"
EndProject
Global
	GlobalSection(SolutionConfigurationPlatforms) = preSolution
		Debug|Any CPU = Debug|Any CPU
		Release|Any CPU = Release|Any CPU
	EndGlobalSection
	GlobalSection(ProjectConfigurationPlatforms) = postSolution
		{FC2DA34B-24F7-4B10-A79E-F85A8728DF65}.Debug|Any CPU.ActiveCfg = Debug|Any CPU
		{FC2DA34B-24F7-4B10-A79E-F85A8728DF65}.Debug|Any CPU.Build.0 = Debug|Any CPU
		{FC2DA34B-24F7-4B10-A79E-F85A8728DF65}.Release|Any CPU.ActiveCfg = Release|Any CPU
		{FC2DA34B-24F7-4B10-A79E-F85A8728DF65}.Release|Any CPU.Build.0 = Release|Any CPU
	EndGlobalSection
	GlobalSection(SolutionProperties) = preSolution
		HideSolutionNode = FALSE
	EndGlobalSection
	GlobalSection(NestedProjects) = preSolution
		{1271D277-6349-4959-B570-FCBA449C6DAE} = {E503E27A-4529-447B-BDF1-56B46528BF0B}
	EndGlobalSection
	GlobalSection(ExtensibilityGlobals) = postSolution
		SolutionGuid = {0F1CB286-B1DE-46B9-A81F-32F0513439EF}
	EndGlobalSection
EndGlobal
