
Microsoft Visual Studio Solution File, Format Version 12.00
# Visual Studio Version 17
VisualStudioVersion = 17.8.34330.188
MinimumVisualStudioVersion = 10.0.40219.1
Project("{FAE04EC0-301F-11D3-BF4B-00C04F79EFBC}") = "WebApplication1", "WebApplication1\WebApplication1.csproj", "{FC2DA34B-24F7-4B10-A79E-F85A8728DF65}"
EndProject
Project("{2150E333-8FDC-42A3-9474-1A3956D46DE8}") = "src", "src", "{AB9C9CF5-B90F-4611-921E-7C6D6FE69106}"
EndProject
Project("{2150E333-8FDC-42A3-9474-1A3956D46DE8}") = "tests", "tests", "{12CA1FA9-A764-48CF-8120-37FF09C1B28E}"
EndProject
Project("{2150E333-8FDC-42A3-9474-1A3956D46DE8}") = "services", "services", "{96ECC49F-642B-4FCA-BE5A-0E2B7684AD1E}"
EndProject
Project("{2150E333-8FDC-42A3-9474-1A3956D46DE8}") = "Board", "Board", "{B07CA845-8902-43EE-B86F-F7ECBEE89A2F}"
EndProject
Project("{9A19103F-16F7-4668-BE54-9A1E7A4F7556}") = "Board.Core", "Board.Core\Board.Core.csproj", "{871A01D3-0821-4089-AB8E-BB652ADFF645}"
EndProject
Project("{9A19103F-16F7-4668-BE54-9A1E7A4F7556}") = "Board.Infrastructure", "Board.Infastructure\Board.Infrastructure.csproj", "{05A1FBF4-C358-4D68-85B2-616DE7659E32}"
EndProject
Project("{9A19103F-16F7-4668-BE54-9A1E7A4F7556}") = "Board.Application", "Board.Application\Board.Application.csproj", "{4DEF6027-12BF-4FC7-B5DA-CB91398C00F0}"
EndProject
Project("{9A19103F-16F7-4668-BE54-9A1E7A4F7556}") = "Board.API", "Board.API\Board.API.csproj", "{C1909F59-C197-46E2-BDBE-37B2CA43D196}"
EndProject
Project("{E53339B2-1760-4266-BCC7-CA923CBCF16C}") = "docker-compose", "docker-compose.dcproj", "{1C44EB3D-B4DE-4BEC-A6AB-F08D22F53971}"
EndProject
Global
	GlobalSection(SolutionConfigurationPlatforms) = preSolution
		Debug|Any CPU = Debug|Any CPU
		Release|Any CPU = Release|Any CPU
	EndGlobalSection
	GlobalSection(ProjectConfigurationPlatforms) = postSolution
		{FC2DA34B-24F7-4B10-A79E-F85A8728DF65}.Debug|Any CPU.ActiveCfg = Debug|Any CPU
		{FC2DA34B-24F7-4B10-A79E-F85A8728DF65}.Debug|Any CPU.Build.0 = Debug|Any CPU
		{FC2DA34B-24F7-4B10-A79E-F85A8728DF65}.Release|Any CPU.ActiveCfg = Release|Any CPU
		{FC2DA34B-24F7-4B10-A79E-F85A8728DF65}.Release|Any CPU.Build.0 = Release|Any CPU
		{871A01D3-0821-4089-AB8E-BB652ADFF645}.Debug|Any CPU.ActiveCfg = Debug|Any CPU
		{871A01D3-0821-4089-AB8E-BB652ADFF645}.Debug|Any CPU.Build.0 = Debug|Any CPU
		{871A01D3-0821-4089-AB8E-BB652ADFF645}.Release|Any CPU.ActiveCfg = Release|Any CPU
		{871A01D3-0821-4089-AB8E-BB652ADFF645}.Release|Any CPU.Build.0 = Release|Any CPU
		{05A1FBF4-C358-4D68-85B2-616DE7659E32}.Debug|Any CPU.ActiveCfg = Debug|Any CPU
		{05A1FBF4-C358-4D68-85B2-616DE7659E32}.Debug|Any CPU.Build.0 = Debug|Any CPU
		{05A1FBF4-C358-4D68-85B2-616DE7659E32}.Release|Any CPU.ActiveCfg = Release|Any CPU
		{05A1FBF4-C358-4D68-85B2-616DE7659E32}.Release|Any CPU.Build.0 = Release|Any CPU
		{4DEF6027-12BF-4FC7-B5DA-CB91398C00F0}.Debug|Any CPU.ActiveCfg = Debug|Any CPU
		{4DEF6027-12BF-4FC7-B5DA-CB91398C00F0}.Debug|Any CPU.Build.0 = Debug|Any CPU
		{4DEF6027-12BF-4FC7-B5DA-CB91398C00F0}.Release|Any CPU.ActiveCfg = Release|Any CPU
		{4DEF6027-12BF-4FC7-B5DA-CB91398C00F0}.Release|Any CPU.Build.0 = Release|Any CPU
		{C1909F59-C197-46E2-BDBE-37B2CA43D196}.Debug|Any CPU.ActiveCfg = Debug|Any CPU
		{C1909F59-C197-46E2-BDBE-37B2CA43D196}.Debug|Any CPU.Build.0 = Debug|Any CPU
		{C1909F59-C197-46E2-BDBE-37B2CA43D196}.Release|Any CPU.ActiveCfg = Release|Any CPU
		{C1909F59-C197-46E2-BDBE-37B2CA43D196}.Release|Any CPU.Build.0 = Release|Any CPU
		{1C44EB3D-B4DE-4BEC-A6AB-F08D22F53971}.Debug|Any CPU.ActiveCfg = Debug|Any CPU
		{1C44EB3D-B4DE-4BEC-A6AB-F08D22F53971}.Debug|Any CPU.Build.0 = Debug|Any CPU
		{1C44EB3D-B4DE-4BEC-A6AB-F08D22F53971}.Release|Any CPU.ActiveCfg = Release|Any CPU
		{1C44EB3D-B4DE-4BEC-A6AB-F08D22F53971}.Release|Any CPU.Build.0 = Release|Any CPU
	EndGlobalSection
	GlobalSection(SolutionProperties) = preSolution
		HideSolutionNode = FALSE
	EndGlobalSection
	GlobalSection(NestedProjects) = preSolution
		{96ECC49F-642B-4FCA-BE5A-0E2B7684AD1E} = {AB9C9CF5-B90F-4611-921E-7C6D6FE69106}
		{B07CA845-8902-43EE-B86F-F7ECBEE89A2F} = {96ECC49F-642B-4FCA-BE5A-0E2B7684AD1E}
		{871A01D3-0821-4089-AB8E-BB652ADFF645} = {B07CA845-8902-43EE-B86F-F7ECBEE89A2F}
		{05A1FBF4-C358-4D68-85B2-616DE7659E32} = {B07CA845-8902-43EE-B86F-F7ECBEE89A2F}
		{4DEF6027-12BF-4FC7-B5DA-CB91398C00F0} = {B07CA845-8902-43EE-B86F-F7ECBEE89A2F}
		{C1909F59-C197-46E2-BDBE-37B2CA43D196} = {B07CA845-8902-43EE-B86F-F7ECBEE89A2F}
	EndGlobalSection
	GlobalSection(ExtensibilityGlobals) = postSolution
		SolutionGuid = {0F1CB286-B1DE-46B9-A81F-32F0513439EF}
	EndGlobalSection
EndGlobal
