
Microsoft Visual Studio Solution File, Format Version 12.00
# Visual Studio Version 17
VisualStudioVersion = 17.8.34330.188
MinimumVisualStudioVersion = 10.0.40219.1
Project("{FAE04EC0-301F-11D3-BF4B-00C04F79EFBC}") = "WebApplication1", "WebApplication1\WebApplication1.csproj", "{FC2DA34B-24F7-4B10-A79E-F85A8728DF65}"
EndProject
Project("{2150E333-8FDC-42A3-9474-1A3956D46DE8}") = "src", "src", "{E503E27A-4529-447B-BDF1-56B46528BF0B}"
EndProject
Project("{2150E333-8FDC-42A3-9474-1A3956D46DE8}") = "services", "services", "{1271D277-6349-4959-B570-FCBA449C6DAE}"
EndProject
Project("{2150E333-8FDC-42A3-9474-1A3956D46DE8}") = "RSS", "RSS", "{EF38E4EC-416F-4422-B513-B717A32D30DD}"
EndProject
Project("{9A19103F-16F7-4668-BE54-9A1E7A4F7556}") = "RSS.Core", "RSS.Core\RSS.Core.csproj", "{7E594AFC-5042-4156-AFD0-6E88C6D6276D}"
EndProject
Project("{9A19103F-16F7-4668-BE54-9A1E7A4F7556}") = "RSS.Application", "RSS.Application\RSS.Application.csproj", "{54E615B1-7701-44EE-8EE4-E28E3EE1C431}"
EndProject
Project("{9A19103F-16F7-4668-BE54-9A1E7A4F7556}") = "RSS.Infastructure", "RSS.Infastructure\RSS.Infastructure.csproj", "{3D9BBD5C-6DAF-4BBB-9196-F95874245B03}"
EndProject
Project("{9A19103F-16F7-4668-BE54-9A1E7A4F7556}") = "RSS.API", "RSS.API\RSS.API.csproj", "{16DDCDA8-99E4-4600-ADFF-6C0E373C2D37}"
EndProject
Project("{E53339B2-1760-4266-BCC7-CA923CBCF16C}") = "docker-compose", "docker-compose.dcproj", "{AEEE52BF-15C0-4CDB-B6B0-2864D55D4A5C}"
EndProject
Global
	GlobalSection(SolutionConfigurationPlatforms) = preSolution
		Debug|Any CPU = Debug|Any CPU
		Release|Any CPU = Release|Any CPU
	EndGlobalSection
	GlobalSection(ProjectConfigurationPlatforms) = postSolution
		{FC2DA34B-24F7-4B10-A79E-F85A8728DF65}.Debug|Any CPU.ActiveCfg = Debug|Any CPU
		{FC2DA34B-24F7-4B10-A79E-F85A8728DF65}.Debug|Any CPU.Build.0 = Debug|Any CPU
		{FC2DA34B-24F7-4B10-A79E-F85A8728DF65}.Release|Any CPU.ActiveCfg = Release|Any CPU
		{FC2DA34B-24F7-4B10-A79E-F85A8728DF65}.Release|Any CPU.Build.0 = Release|Any CPU
		{7E594AFC-5042-4156-AFD0-6E88C6D6276D}.Debug|Any CPU.ActiveCfg = Debug|Any CPU
		{7E594AFC-5042-4156-AFD0-6E88C6D6276D}.Debug|Any CPU.Build.0 = Debug|Any CPU
		{7E594AFC-5042-4156-AFD0-6E88C6D6276D}.Release|Any CPU.ActiveCfg = Release|Any CPU
		{7E594AFC-5042-4156-AFD0-6E88C6D6276D}.Release|Any CPU.Build.0 = Release|Any CPU
		{54E615B1-7701-44EE-8EE4-E28E3EE1C431}.Debug|Any CPU.ActiveCfg = Debug|Any CPU
		{54E615B1-7701-44EE-8EE4-E28E3EE1C431}.Debug|Any CPU.Build.0 = Debug|Any CPU
		{54E615B1-7701-44EE-8EE4-E28E3EE1C431}.Release|Any CPU.ActiveCfg = Release|Any CPU
		{54E615B1-7701-44EE-8EE4-E28E3EE1C431}.Release|Any CPU.Build.0 = Release|Any CPU
		{3D9BBD5C-6DAF-4BBB-9196-F95874245B03}.Debug|Any CPU.ActiveCfg = Debug|Any CPU
		{3D9BBD5C-6DAF-4BBB-9196-F95874245B03}.Debug|Any CPU.Build.0 = Debug|Any CPU
		{3D9BBD5C-6DAF-4BBB-9196-F95874245B03}.Release|Any CPU.ActiveCfg = Release|Any CPU
		{3D9BBD5C-6DAF-4BBB-9196-F95874245B03}.Release|Any CPU.Build.0 = Release|Any CPU
		{16DDCDA8-99E4-4600-ADFF-6C0E373C2D37}.Debug|Any CPU.ActiveCfg = Debug|Any CPU
		{16DDCDA8-99E4-4600-ADFF-6C0E373C2D37}.Debug|Any CPU.Build.0 = Debug|Any CPU
		{16DDCDA8-99E4-4600-ADFF-6C0E373C2D37}.Release|Any CPU.ActiveCfg = Release|Any CPU
		{16DDCDA8-99E4-4600-ADFF-6C0E373C2D37}.Release|Any CPU.Build.0 = Release|Any CPU
		{AEEE52BF-15C0-4CDB-B6B0-2864D55D4A5C}.Debug|Any CPU.ActiveCfg = Debug|Any CPU
		{AEEE52BF-15C0-4CDB-B6B0-2864D55D4A5C}.Debug|Any CPU.Build.0 = Debug|Any CPU
		{AEEE52BF-15C0-4CDB-B6B0-2864D55D4A5C}.Release|Any CPU.ActiveCfg = Release|Any CPU
		{AEEE52BF-15C0-4CDB-B6B0-2864D55D4A5C}.Release|Any CPU.Build.0 = Release|Any CPU
	EndGlobalSection
	GlobalSection(SolutionProperties) = preSolution
		HideSolutionNode = FALSE
	EndGlobalSection
	GlobalSection(NestedProjects) = preSolution
		{1271D277-6349-4959-B570-FCBA449C6DAE} = {E503E27A-4529-447B-BDF1-56B46528BF0B}
		{EF38E4EC-416F-4422-B513-B717A32D30DD} = {1271D277-6349-4959-B570-FCBA449C6DAE}
		{7E594AFC-5042-4156-AFD0-6E88C6D6276D} = {EF38E4EC-416F-4422-B513-B717A32D30DD}
		{54E615B1-7701-44EE-8EE4-E28E3EE1C431} = {EF38E4EC-416F-4422-B513-B717A32D30DD}
		{3D9BBD5C-6DAF-4BBB-9196-F95874245B03} = {EF38E4EC-416F-4422-B513-B717A32D30DD}
		{16DDCDA8-99E4-4600-ADFF-6C0E373C2D37} = {EF38E4EC-416F-4422-B513-B717A32D30DD}
	EndGlobalSection
	GlobalSection(ExtensibilityGlobals) = postSolution
		SolutionGuid = {0F1CB286-B1DE-46B9-A81F-32F0513439EF}
	EndGlobalSection
EndGlobal
